
Microsoft Visual Studio Solution File, Format Version 12.00
# Visual Studio Version 17
VisualStudioVersion = 17.11.35312.102
MinimumVisualStudioVersion = 10.0.40219.1
Project("{FAE04EC0-301F-11D3-BF4B-00C04F79EFBC}") = "CrudUbicacion_OACA", "CrudUbicacion_OACA\CrudUbicacion_OACA.csproj", "{660C653A-FC7B-428F-AAC4-AB1903F19CA9}"
EndProject
Project("{FAE04EC0-301F-11D3-BF4B-00C04F79EFBC}") = "BLL", "BLL\BLL.csproj", "{D94FD67B-47D3-482F-82B3-170EB9913B3E}"
EndProject
Project("{FAE04EC0-301F-11D3-BF4B-00C04F79EFBC}") = "DAL", "DAL\DAL.csproj", "{273DF0C7-2418-4CF1-ADA8-F303A88A94EE}"
EndProject
Global
	GlobalSection(SolutionConfigurationPlatforms) = preSolution
		Debug|Any CPU = Debug|Any CPU
		Release|Any CPU = Release|Any CPU
	EndGlobalSection
	GlobalSection(ProjectConfigurationPlatforms) = postSolution
		{660C653A-FC7B-428F-AAC4-AB1903F19CA9}.Debug|Any CPU.ActiveCfg = Debug|Any CPU
		{660C653A-FC7B-428F-AAC4-AB1903F19CA9}.Debug|Any CPU.Build.0 = Debug|Any CPU
		{660C653A-FC7B-428F-AAC4-AB1903F19CA9}.Release|Any CPU.ActiveCfg = Release|Any CPU
		{660C653A-FC7B-428F-AAC4-AB1903F19CA9}.Release|Any CPU.Build.0 = Release|Any CPU
		{D94FD67B-47D3-482F-82B3-170EB9913B3E}.Debug|Any CPU.ActiveCfg = Debug|Any CPU
		{D94FD67B-47D3-482F-82B3-170EB9913B3E}.Debug|Any CPU.Build.0 = Debug|Any CPU
		{D94FD67B-47D3-482F-82B3-170EB9913B3E}.Release|Any CPU.ActiveCfg = Release|Any CPU
		{D94FD67B-47D3-482F-82B3-170EB9913B3E}.Release|Any CPU.Build.0 = Release|Any CPU
		{273DF0C7-2418-4CF1-ADA8-F303A88A94EE}.Debug|Any CPU.ActiveCfg = Debug|Any CPU
		{273DF0C7-2418-4CF1-ADA8-F303A88A94EE}.Debug|Any CPU.Build.0 = Debug|Any CPU
		{273DF0C7-2418-4CF1-ADA8-F303A88A94EE}.Release|Any CPU.ActiveCfg = Release|Any CPU
		{273DF0C7-2418-4CF1-ADA8-F303A88A94EE}.Release|Any CPU.Build.0 = Release|Any CPU
	EndGlobalSection
	GlobalSection(SolutionProperties) = preSolution
		HideSolutionNode = FALSE
	EndGlobalSection
	GlobalSection(ExtensibilityGlobals) = postSolution
		SolutionGuid = {01DAB76F-11FB-4434-AE93-BCDE15D15CC8}
	EndGlobalSection
EndGlobal
